
Microsoft Visual Studio Solution File, Format Version 12.00
# Visual Studio Version 16
VisualStudioVersion = 16.0.28803.156
MinimumVisualStudioVersion = 10.0.40219.1
Project("{FAE04EC0-301F-11D3-BF4B-00C04F79EFBC}") = "Wantsome-Week-03", "Wantsome-Week-03.csproj", "{FDAE40E4-3BCD-4682-B4F2-95A938890921}"
EndProject
Project("{FAE04EC0-301F-11D3-BF4B-00C04F79EFBC}") = "Exercise1", "..\Exercise1\Exercise1.csproj", "{E08CCE6F-59A1-438D-A5FB-5FB20223F1E0}"
EndProject
Project("{FAE04EC0-301F-11D3-BF4B-00C04F79EFBC}") = "Exercise2", "..\Exercise2\Exercise2.csproj", "{B6783449-FD37-4EA8-AF0C-7EE6731F6552}"
EndProject
Project("{FAE04EC0-301F-11D3-BF4B-00C04F79EFBC}") = "Exercise3", "..\Exercise3\Exercise3.csproj", "{142903B7-8D3F-45DC-A140-EF9569356B68}"
EndProject
Project("{FAE04EC0-301F-11D3-BF4B-00C04F79EFBC}") = "Exercise4", "..\Exercise4\Exercise4.csproj", "{AB06F90F-652D-4DD2-B5F7-2B31F5DAEF8E}"
EndProject
Project("{FAE04EC0-301F-11D3-BF4B-00C04F79EFBC}") = "Exercise5", "..\Exercise5\Exercise5.csproj", "{EEE04E31-027F-485C-AA21-738F5890973A}"
EndProject
Project("{FAE04EC0-301F-11D3-BF4B-00C04F79EFBC}") = "Exercise6", "..\Exercise6\Exercise6.csproj", "{DA323559-2601-4BBD-8A3B-D9B57FEB7831}"
EndProject
Project("{FAE04EC0-301F-11D3-BF4B-00C04F79EFBC}") = "Exercise7", "..\Exercise7\Exercise7.csproj", "{4AB1C821-B45F-4EFE-ABA5-43E4A2D1F9E4}"
EndProject
Project("{FAE04EC0-301F-11D3-BF4B-00C04F79EFBC}") = "Exercise10", "..\Exercise10\Exercise10.csproj", "{20F48CAB-2DD6-441A-8521-582ED9294F2C}"
EndProject
Project("{FAE04EC0-301F-11D3-BF4B-00C04F79EFBC}") = "Exercise11", "..\Exercise11\Exercise11.csproj", "{DBEF31EB-CB05-442A-9C18-C08612448D32}"
EndProject
Global
	GlobalSection(SolutionConfigurationPlatforms) = preSolution
		Debug|Any CPU = Debug|Any CPU
		Release|Any CPU = Release|Any CPU
	EndGlobalSection
	GlobalSection(ProjectConfigurationPlatforms) = postSolution
		{FDAE40E4-3BCD-4682-B4F2-95A938890921}.Debug|Any CPU.ActiveCfg = Debug|Any CPU
		{FDAE40E4-3BCD-4682-B4F2-95A938890921}.Debug|Any CPU.Build.0 = Debug|Any CPU
		{FDAE40E4-3BCD-4682-B4F2-95A938890921}.Release|Any CPU.ActiveCfg = Release|Any CPU
		{FDAE40E4-3BCD-4682-B4F2-95A938890921}.Release|Any CPU.Build.0 = Release|Any CPU
		{E08CCE6F-59A1-438D-A5FB-5FB20223F1E0}.Debug|Any CPU.ActiveCfg = Debug|Any CPU
		{E08CCE6F-59A1-438D-A5FB-5FB20223F1E0}.Debug|Any CPU.Build.0 = Debug|Any CPU
		{E08CCE6F-59A1-438D-A5FB-5FB20223F1E0}.Release|Any CPU.ActiveCfg = Release|Any CPU
		{E08CCE6F-59A1-438D-A5FB-5FB20223F1E0}.Release|Any CPU.Build.0 = Release|Any CPU
		{B6783449-FD37-4EA8-AF0C-7EE6731F6552}.Debug|Any CPU.ActiveCfg = Debug|Any CPU
		{B6783449-FD37-4EA8-AF0C-7EE6731F6552}.Debug|Any CPU.Build.0 = Debug|Any CPU
		{B6783449-FD37-4EA8-AF0C-7EE6731F6552}.Release|Any CPU.ActiveCfg = Release|Any CPU
		{B6783449-FD37-4EA8-AF0C-7EE6731F6552}.Release|Any CPU.Build.0 = Release|Any CPU
		{142903B7-8D3F-45DC-A140-EF9569356B68}.Debug|Any CPU.ActiveCfg = Debug|Any CPU
		{142903B7-8D3F-45DC-A140-EF9569356B68}.Debug|Any CPU.Build.0 = Debug|Any CPU
		{142903B7-8D3F-45DC-A140-EF9569356B68}.Release|Any CPU.ActiveCfg = Release|Any CPU
		{142903B7-8D3F-45DC-A140-EF9569356B68}.Release|Any CPU.Build.0 = Release|Any CPU
		{AB06F90F-652D-4DD2-B5F7-2B31F5DAEF8E}.Debug|Any CPU.ActiveCfg = Debug|Any CPU
		{AB06F90F-652D-4DD2-B5F7-2B31F5DAEF8E}.Debug|Any CPU.Build.0 = Debug|Any CPU
		{AB06F90F-652D-4DD2-B5F7-2B31F5DAEF8E}.Release|Any CPU.ActiveCfg = Release|Any CPU
		{AB06F90F-652D-4DD2-B5F7-2B31F5DAEF8E}.Release|Any CPU.Build.0 = Release|Any CPU
		{EEE04E31-027F-485C-AA21-738F5890973A}.Debug|Any CPU.ActiveCfg = Debug|Any CPU
		{EEE04E31-027F-485C-AA21-738F5890973A}.Debug|Any CPU.Build.0 = Debug|Any CPU
		{EEE04E31-027F-485C-AA21-738F5890973A}.Release|Any CPU.ActiveCfg = Release|Any CPU
		{EEE04E31-027F-485C-AA21-738F5890973A}.Release|Any CPU.Build.0 = Release|Any CPU
		{DA323559-2601-4BBD-8A3B-D9B57FEB7831}.Debug|Any CPU.ActiveCfg = Debug|Any CPU
		{DA323559-2601-4BBD-8A3B-D9B57FEB7831}.Debug|Any CPU.Build.0 = Debug|Any CPU
		{DA323559-2601-4BBD-8A3B-D9B57FEB7831}.Release|Any CPU.ActiveCfg = Release|Any CPU
		{DA323559-2601-4BBD-8A3B-D9B57FEB7831}.Release|Any CPU.Build.0 = Release|Any CPU
		{4AB1C821-B45F-4EFE-ABA5-43E4A2D1F9E4}.Debug|Any CPU.ActiveCfg = Debug|Any CPU
		{4AB1C821-B45F-4EFE-ABA5-43E4A2D1F9E4}.Debug|Any CPU.Build.0 = Debug|Any CPU
		{4AB1C821-B45F-4EFE-ABA5-43E4A2D1F9E4}.Release|Any CPU.ActiveCfg = Release|Any CPU
		{4AB1C821-B45F-4EFE-ABA5-43E4A2D1F9E4}.Release|Any CPU.Build.0 = Release|Any CPU
		{20F48CAB-2DD6-441A-8521-582ED9294F2C}.Debug|Any CPU.ActiveCfg = Debug|Any CPU
		{20F48CAB-2DD6-441A-8521-582ED9294F2C}.Debug|Any CPU.Build.0 = Debug|Any CPU
		{20F48CAB-2DD6-441A-8521-582ED9294F2C}.Release|Any CPU.ActiveCfg = Release|Any CPU
		{20F48CAB-2DD6-441A-8521-582ED9294F2C}.Release|Any CPU.Build.0 = Release|Any CPU
		{DBEF31EB-CB05-442A-9C18-C08612448D32}.Debug|Any CPU.ActiveCfg = Debug|Any CPU
		{DBEF31EB-CB05-442A-9C18-C08612448D32}.Debug|Any CPU.Build.0 = Debug|Any CPU
		{DBEF31EB-CB05-442A-9C18-C08612448D32}.Release|Any CPU.ActiveCfg = Release|Any CPU
		{DBEF31EB-CB05-442A-9C18-C08612448D32}.Release|Any CPU.Build.0 = Release|Any CPU
	EndGlobalSection
	GlobalSection(SolutionProperties) = preSolution
		HideSolutionNode = FALSE
	EndGlobalSection
	GlobalSection(ExtensibilityGlobals) = postSolution
		SolutionGuid = {7AC94F64-D760-40AA-B870-6C236B7DB8D0}
	EndGlobalSection
EndGlobal
